
Microsoft Visual Studio Solution File, Format Version 12.00
# Visual Studio Version 17
VisualStudioVersion = 17.3.32901.215
MinimumVisualStudioVersion = 10.0.40219.1
Project("{FAE04EC0-301F-11D3-BF4B-00C04F79EFBC}") = "postfixMailBot", "postfixMailBot\postfixMailBot.csproj", "{9E31DF09-826E-44C2-979A-78E132ECBB28}"
EndProject
Global
	GlobalSection(SolutionConfigurationPlatforms) = preSolution
		Debug|Any CPU = Debug|Any CPU
		Release|Any CPU = Release|Any CPU
	EndGlobalSection
	GlobalSection(ProjectConfigurationPlatforms) = postSolution
		{9E31DF09-826E-44C2-979A-78E132ECBB28}.Debug|Any CPU.ActiveCfg = Debug|Any CPU
		{9E31DF09-826E-44C2-979A-78E132ECBB28}.Debug|Any CPU.Build.0 = Debug|Any CPU
		{9E31DF09-826E-44C2-979A-78E132ECBB28}.Release|Any CPU.ActiveCfg = Release|Any CPU
		{9E31DF09-826E-44C2-979A-78E132ECBB28}.Release|Any CPU.Build.0 = Release|Any CPU
	EndGlobalSection
	GlobalSection(SolutionProperties) = preSolution
		HideSolutionNode = FALSE
	EndGlobalSection
	GlobalSection(ExtensibilityGlobals) = postSolution
		SolutionGuid = {4C831A0A-962A-4F32-82CE-444EA92D837D}
	EndGlobalSection
EndGlobal
